<?xml version="1.0" encoding="utf-8"?>
<Project ToolsVersion="4.0" xmlns="http://schemas.microsoft.com/developer/msbuild/2003">
  <ItemGroup>
    <Filter Include="Source Files">
      <UniqueIdentifier>{4a55c998-bb3b-4265-8bfb-c6eb02c56f3a}</UniqueIdentifier>
      <Extensions>cpp;c;cxx;rc;def;r;odl;idl;hpj;bat</Extensions>
    </Filter>
    <Filter Include="Header Files">
      <UniqueIdentifier>{7de3d5d8-e292-4c10-9252-08469584a969}</UniqueIdentifier>
      <Extensions>h;hpp;hxx;hm;inl</Extensions>
    </Filter>
    <Filter Include="Resource Files">
      <UniqueIdentifier>{512c21f5-f9ee-4723-9678-13aabfc29b11}</UniqueIdentifier>
      <Extensions>ico;cur;bmp;dlg;rc2;rct;bin;rgs;gif;jpg;jpeg;jpe</Extensions>
    </Filter>
  </ItemGroup>
  <ItemGroup>
    <ClCompile Include="CConHash.cpp">
      <Filter>Source Files</Filter>
    </ClCompile>
    <ClCompile Include="CHashFun.cpp">
      <Filter>Source Files</Filter>
    </ClCompile>
    <ClCompile Include="CMd5.cpp">
      <Filter>Source Files</Filter>
    </ClCompile>
    <ClCompile Include="CMD5HashFun.cpp">
      <Filter>Source Files</Filter>
    </ClCompile>
    <ClCompile Include="CNode_s.cpp">
      <Filter>Source Files</Filter>
    </ClCompile>
    <ClCompile Include="CRBTree.cpp">
      <Filter>Source Files</Filter>
    </ClCompile>
    <ClCompile Include="CVirtualNode_s.cpp">
      <Filter>Source Files</Filter>
    </ClCompile>
    <ClCompile Include="Main.cpp">
      <Filter>Source Files</Filter>
    </ClCompile>
  </ItemGroup>
  <ItemGroup>
    <ClInclude Include="CConHash.h">
      <Filter>Header Files</Filter>
    </ClInclude>
    <ClInclude Include="CHashFun.h">
      <Filter>Header Files</Filter>
    </ClInclude>
    <ClInclude Include="CMd5.h">
      <Filter>Header Files</Filter>
    </ClInclude>
    <ClInclude Include="CMD5HashFun.h">
      <Filter>Header Files</Filter>
    </ClInclude>
    <ClInclude Include="CNode_s.h">
      <Filter>Header Files</Filter>
    </ClInclude>
    <ClInclude Include="CRBTree.h">
      <Filter>Header Files</Filter>
    </ClInclude>
    <ClInclude Include="CVirtualNode_s.h">
      <Filter>Header Files</Filter>
    </ClInclude>
  </ItemGroup>
  <ItemGroup>
    <None Include="ClassDiagram1.cd" />
    <None Include="ClassDiagram2.cd" />
  </ItemGroup>
</Project>